
Microsoft Visual Studio Solution File, Format Version 12.00
# Visual Studio 14
VisualStudioVersion = 14.0.25420.1
MinimumVisualStudioVersion = 10.0.40219.1
Project("{2150E333-8FDC-42A3-9474-1A3956D46DE8}") = "src", "src", "{99A38E05-ADF8-4113-9EEB-62B8BC34440C}"
EndProject
Project("{2150E333-8FDC-42A3-9474-1A3956D46DE8}") = "Solution Items", "Solution Items", "{25E80D1D-973A-4B28-91F6-DDAD98ACA919}"
	ProjectSection(SolutionItems) = preProject
		global.json = global.json
	EndProjectSection
EndProject
Project("{8BB2217D-0F2D-49D1-97BC-3654ED321F3B}") = "EFTestProject", "src\EFTestProject\EFTestProject.xproj", "{C4483332-F27E-43D7-8879-2E48E90A9500}"
EndProject
Global
	GlobalSection(SolutionConfigurationPlatforms) = preSolution
		Debug|Any CPU = Debug|Any CPU
		Release|Any CPU = Release|Any CPU
	EndGlobalSection
	GlobalSection(ProjectConfigurationPlatforms) = postSolution
		{C4483332-F27E-43D7-8879-2E48E90A9500}.Debug|Any CPU.ActiveCfg = Debug|Any CPU
		{C4483332-F27E-43D7-8879-2E48E90A9500}.Debug|Any CPU.Build.0 = Debug|Any CPU
		{C4483332-F27E-43D7-8879-2E48E90A9500}.Release|Any CPU.ActiveCfg = Release|Any CPU
		{C4483332-F27E-43D7-8879-2E48E90A9500}.Release|Any CPU.Build.0 = Release|Any CPU
	EndGlobalSection
	GlobalSection(SolutionProperties) = preSolution
		HideSolutionNode = FALSE
	EndGlobalSection
	GlobalSection(NestedProjects) = preSolution
		{C4483332-F27E-43D7-8879-2E48E90A9500} = {99A38E05-ADF8-4113-9EEB-62B8BC34440C}
	EndGlobalSection
EndGlobal
